
Microsoft Visual Studio Solution File, Format Version 12.00
Project("{FAE04EC0-301F-11D3-BF4B-00C04F79EFBC}") = "FamilySync.Core", "FamilySync.Core\FamilySync.Core.csproj", "{EAD1AD44-97F8-45D2-AB62-D64D334E43F6}"
EndProject
Project("{FAE04EC0-301F-11D3-BF4B-00C04F79EFBC}") = "FamilySync.Core.Persistence", "FamilySync.Core.Persistence\FamilySync.Core.Persistence.csproj", "{D5714020-0591-462F-BA1C-96571160022F}"
EndProject
Project("{2150E333-8FDC-42A3-9474-1A3956D46DE8}") = "Solution Items", "Solution Items", "{FF17A5E1-72FB-43B5-93BC-0EFF66EF472A}"
	ProjectSection(SolutionItems) = preProject
		NuGet.Config = NuGet.Config
	EndProjectSection
EndProject
Project("{FAE04EC0-301F-11D3-BF4B-00C04F79EFBC}") = "FamilySync.Core.Helpers", "FamilySync.Core.Helpers\FamilySync.Core.Helpers.csproj", "{7988562E-09D0-4E9A-9899-95BE1D58C13D}"
EndProject
Project("{FAE04EC0-301F-11D3-BF4B-00C04F79EFBC}") = "FamilySync.Core.Example", "FamilySync.Core.Example\FamilySync.Core.Example.csproj", "{1C5B11B3-2899-4866-BACF-79D9C0117803}"
EndProject
Global
	GlobalSection(SolutionConfigurationPlatforms) = preSolution
		Debug|Any CPU = Debug|Any CPU
		Release|Any CPU = Release|Any CPU
	EndGlobalSection
	GlobalSection(ProjectConfigurationPlatforms) = postSolution
		{EAD1AD44-97F8-45D2-AB62-D64D334E43F6}.Debug|Any CPU.ActiveCfg = Debug|Any CPU
		{EAD1AD44-97F8-45D2-AB62-D64D334E43F6}.Debug|Any CPU.Build.0 = Debug|Any CPU
		{EAD1AD44-97F8-45D2-AB62-D64D334E43F6}.Release|Any CPU.ActiveCfg = Release|Any CPU
		{EAD1AD44-97F8-45D2-AB62-D64D334E43F6}.Release|Any CPU.Build.0 = Release|Any CPU
		{D5714020-0591-462F-BA1C-96571160022F}.Debug|Any CPU.ActiveCfg = Debug|Any CPU
		{D5714020-0591-462F-BA1C-96571160022F}.Debug|Any CPU.Build.0 = Debug|Any CPU
		{D5714020-0591-462F-BA1C-96571160022F}.Release|Any CPU.ActiveCfg = Release|Any CPU
		{D5714020-0591-462F-BA1C-96571160022F}.Release|Any CPU.Build.0 = Release|Any CPU
		{7988562E-09D0-4E9A-9899-95BE1D58C13D}.Debug|Any CPU.ActiveCfg = Debug|Any CPU
		{7988562E-09D0-4E9A-9899-95BE1D58C13D}.Debug|Any CPU.Build.0 = Debug|Any CPU
		{7988562E-09D0-4E9A-9899-95BE1D58C13D}.Release|Any CPU.ActiveCfg = Release|Any CPU
		{7988562E-09D0-4E9A-9899-95BE1D58C13D}.Release|Any CPU.Build.0 = Release|Any CPU
		{1C5B11B3-2899-4866-BACF-79D9C0117803}.Debug|Any CPU.ActiveCfg = Debug|Any CPU
		{1C5B11B3-2899-4866-BACF-79D9C0117803}.Debug|Any CPU.Build.0 = Debug|Any CPU
		{1C5B11B3-2899-4866-BACF-79D9C0117803}.Release|Any CPU.ActiveCfg = Release|Any CPU
		{1C5B11B3-2899-4866-BACF-79D9C0117803}.Release|Any CPU.Build.0 = Release|Any CPU
	EndGlobalSection
EndGlobal
